{
    "name": "example-project",
    "lockfileVersion": 2,
    "requires": true,
    "packages": {
        "": {
            "name": "example-project",
            "dependencies": {
                "react-icons": "^4.3.1",
                "semantic-ui-calendar-react": "^0.15.3"
            }
        },
        "node_modules/@babel/runtime": {
            "version": "7.16.3",
            "resolved": "https://registry.npmjs.org/@babel/runtime/-/runtime-7.16.3.tgz",
            "integrity": "sha512-WBwekcqacdY2e9AF/Q7WLFUWmdJGJTkbjqTjoMDgXkVZ3ZRUvOPsLb5KdwISoQVsbP+DQzVZW4Zhci0DvpbNTQ==",
            "peer": true,
            "dependencies": {
                "regenerator-runtime": "^0.13.4"
            },
            "engines": {
                "node": ">=6.9.0"
            }
        },
        "node_modules/@fluentui/react-component-event-listener": {
            "version": "0.51.7",
            "resolved": "https://registry.npmjs.org/@fluentui/react-component-event-listener/-/react-component-event-listener-0.51.7.tgz",
            "integrity": "sha512-NjVm+crN0T9A7vITL8alZeHnuV8zi2gos0nezU/2YOxaUAB9E4zKiPxt/6k5U50rJs/gj8Nu45iXxnjO41HbZg==",
            "peer": true,
            "dependencies": {
                "@babel/runtime": "^7.10.4"
            },
            "peerDependencies": {
                "react": "^16.8.0 || ^17",
                "react-dom": "^16.8.0 || ^17"
            }
        },
        "node_modules/@fluentui/react-component-ref": {
            "version": "0.51.7",
            "resolved": "https://registry.npmjs.org/@fluentui/react-component-ref/-/react-component-ref-0.51.7.tgz",
            "integrity": "sha512-CX27jVJYaFoBCWpuWAizQZ2se137ku1dmDyn8sw+ySNJa+kkQf7LnMydiPW5K7cRdUSqUJW3eS4EjKRvVAx8xA==",
            "peer": true,
            "dependencies": {
                "@babel/runtime": "^7.10.4",
                "react-is": "^16.6.3"
            },
            "peerDependencies": {
                "react": "^16.8.0 || ^17",
                "react-dom": "^16.8.0 || ^17"
            }
        },
        "node_modules/@popperjs/core": {
            "version": "2.10.2",
            "resolved": "https://registry.npmjs.org/@popperjs/core/-/core-2.10.2.tgz",
            "integrity": "sha512-IXf3XA7+XyN7CP9gGh/XB0UxVMlvARGEgGXLubFICsUMGz6Q+DU+i4gGlpOxTjKvXjkJDJC8YdqdKkDj9qZHEQ==",
            "peer": true,
            "funding": {
                "type": "opencollective",
                "url": "https://opencollective.com/popperjs"
            }
        },
        "node_modules/@semantic-ui-react/event-stack": {
            "version": "3.1.2",
            "resolved": "https://registry.npmjs.org/@semantic-ui-react/event-stack/-/event-stack-3.1.2.tgz",
            "integrity": "sha512-Yd0Qf7lPCIjzJ9bZYfurlNu2RDXT6KKSyubHfYK3WjRauhxCsq6Fk2LMRI9DEvShoEU+AsLSv3NGkqXAcVp0zg==",
            "peer": true,
            "dependencies": {
                "exenv": "^1.2.2",
                "prop-types": "^15.6.2"
            },
            "peerDependencies": {
                "react": "^16.0.0 || ^17.0.0",
                "react-dom": "^16.0.0 || ^17.0.0"
            }
        },
        "node_modules/clsx": {
            "version": "1.1.1",
            "resolved": "https://registry.npmjs.org/clsx/-/clsx-1.1.1.tgz",
            "integrity": "sha512-6/bPho624p3S2pMyvP5kKBPXnI3ufHLObBFCfgx+LkeR5lg2XYy2hqZqUf45ypD8COn2bhgGJSUE+l5dhNBieA==",
            "peer": true,
            "engines": {
                "node": ">=6"
            }
        },
        "node_modules/exenv": {
            "version": "1.2.2",
            "resolved": "https://registry.npmjs.org/exenv/-/exenv-1.2.2.tgz",
            "integrity": "sha1-KueOhdmJQVhnCwPUe+wfA72Ru50=",
            "peer": true
        },
        "node_modules/js-tokens": {
            "version": "4.0.0",
            "resolved": "https://registry.npmjs.org/js-tokens/-/js-tokens-4.0.0.tgz",
            "integrity": "sha512-RdJUflcE3cUzKiMqQgsCu06FPu9UdIJO0beYbPhHN4k6apgJtifcoCtT9bcxOpYBtpD2kCM6Sbzg4CausW/PKQ=="
        },
        "node_modules/keyboard-key": {
            "version": "1.1.0",
            "resolved": "https://registry.npmjs.org/keyboard-key/-/keyboard-key-1.1.0.tgz",
            "integrity": "sha512-qkBzPTi3rlAKvX7k0/ub44sqOfXeLc/jcnGGmj5c7BJpU8eDrEVPyhCvNYAaoubbsLm9uGWwQJO1ytQK1a9/dQ=="
        },
        "node_modules/lodash": {
            "version": "4.17.21",
            "resolved": "https://registry.npmjs.org/lodash/-/lodash-4.17.21.tgz",
            "integrity": "sha512-v2kDEe57lecTulaDIuNTPy3Ry4gLGJ6Z1O3vE1krgXZNrsQ+LFTGHVxVjcXPs17LhbZVGedAJv8XZ1tvj5FvSg=="
        },
        "node_modules/lodash-es": {
            "version": "4.17.21",
            "resolved": "https://registry.npmjs.org/lodash-es/-/lodash-es-4.17.21.tgz",
            "integrity": "sha512-mKnC+QJ9pWVzv+C4/U3rRsHapFfHvQFoFB92e52xeyGMcX6/OlIl78je1u8vePzYZSkkogMPJ2yjxxsb89cxyw==",
            "peer": true
        },
        "node_modules/loose-envify": {
            "version": "1.4.0",
            "resolved": "https://registry.npmjs.org/loose-envify/-/loose-envify-1.4.0.tgz",
            "integrity": "sha512-lyuxPGr/Wfhrlem2CL/UcnUc1zcqKAImBDzukY7Y5F/yQiNdko6+fRLevlw1HgMySw7f611UIY408EtxRSoK3Q==",
            "dependencies": {
                "js-tokens": "^3.0.0 || ^4.0.0"
            },
            "bin": {
                "loose-envify": "cli.js"
            }
        },
        "node_modules/moment": {
            "version": "2.29.1",
            "resolved": "https://registry.npmjs.org/moment/-/moment-2.29.1.tgz",
            "integrity": "sha512-kHmoybcPV8Sqy59DwNDY3Jefr64lK/by/da0ViFcuA4DH0vQg5Q6Ze5VimxkfQNSC+Mls/Kx53s7TjP1RhFEDQ==",
            "engines": {
                "node": "*"
            }
        },
        "node_modules/object-assign": {
            "version": "4.1.1",
            "resolved": "https://registry.npmjs.org/object-assign/-/object-assign-4.1.1.tgz",
            "integrity": "sha1-IQmtx5ZYh8/AXLvUQsrIv7s2CGM=",
            "engines": {
                "node": ">=0.10.0"
            }
        },
        "node_modules/prop-types": {
            "version": "15.7.2",
            "resolved": "https://registry.npmjs.org/prop-types/-/prop-types-15.7.2.tgz",
            "integrity": "sha512-8QQikdH7//R2vurIJSutZ1smHYTcLpRWEOlHnzcWHmBYrOGUysKwSsrC89BCiFj3CbrfJ/nXFdJepOVrY1GCHQ==",
            "dependencies": {
                "loose-envify": "^1.4.0",
                "object-assign": "^4.1.1",
                "react-is": "^16.8.1"
            }
        },
        "node_modules/react": {
            "version": "16.14.0",
            "resolved": "https://registry.npmjs.org/react/-/react-16.14.0.tgz",
            "integrity": "sha512-0X2CImDkJGApiAlcf0ODKIneSwBPhqJawOa5wCtKbu7ZECrmS26NvtSILynQ66cgkT/RJ4LidJOc3bUESwmU8g==",
            "peer": true,
            "dependencies": {
                "loose-envify": "^1.1.0",
                "object-assign": "^4.1.1",
                "prop-types": "^15.6.2"
            },
            "engines": {
                "node": ">=0.10.0"
            }
        },
        "node_modules/react-dom": {
            "version": "16.14.0",
            "resolved": "https://registry.npmjs.org/react-dom/-/react-dom-16.14.0.tgz",
            "integrity": "sha512-1gCeQXDLoIqMgqD3IO2Ah9bnf0w9kzhwN5q4FGnHZ67hBm9yePzB5JJAIQCc8x3pFnNlwFq4RidZggNAAkzWWw==",
            "peer": true,
            "dependencies": {
                "loose-envify": "^1.1.0",
                "object-assign": "^4.1.1",
                "prop-types": "^15.6.2",
                "scheduler": "^0.19.1"
            },
            "peerDependencies": {
                "react": "^16.14.0"
            }
        },
        "node_modules/react-fast-compare": {
            "version": "3.2.0",
            "resolved": "https://registry.npmjs.org/react-fast-compare/-/react-fast-compare-3.2.0.tgz",
            "integrity": "sha512-rtGImPZ0YyLrscKI9xTpV8psd6I8VAtjKCzQDlzyDvqJA8XOW78TXYQwNRNd8g8JZnDu8q9Fu/1v4HPAVwVdHA==",
            "peer": true
        },
        "node_modules/react-icons": {
            "version": "4.3.1",
            "resolved": "https://registry.npmjs.org/react-icons/-/react-icons-4.3.1.tgz",
            "integrity": "sha512-cB10MXLTs3gVuXimblAdI71jrJx8njrJZmNMEMC+sQu5B/BIOmlsAjskdqpn81y8UBVEGuHODd7/ci5DvoSzTQ==",
            "peerDependencies": {
                "react": "*"
            }
        },
        "node_modules/react-is": {
            "version": "16.13.1",
            "resolved": "https://registry.npmjs.org/react-is/-/react-is-16.13.1.tgz",
            "integrity": "sha512-24e6ynE2H+OKt4kqsOvNd8kBpV65zoxbA4BVsEOB3ARVWQki/DHzaUoC5KuON/BiccDaCCTZBuOcfZs70kR8bQ=="
        },
        "node_modules/react-popper": {
            "version": "2.2.5",
            "resolved": "https://registry.npmjs.org/react-popper/-/react-popper-2.2.5.tgz",
            "integrity": "sha512-kxGkS80eQGtLl18+uig1UIf9MKixFSyPxglsgLBxlYnyDf65BiY9B3nZSc6C9XUNDgStROB0fMQlTEz1KxGddw==",
            "peer": true,
            "dependencies": {
                "react-fast-compare": "^3.0.1",
                "warning": "^4.0.2"
            },
            "peerDependencies": {
                "@popperjs/core": "^2.0.0",
                "react": "^16.8.0 || ^17"
            }
        },
        "node_modules/regenerator-runtime": {
            "version": "0.13.9",
            "resolved": "https://registry.npmjs.org/regenerator-runtime/-/regenerator-runtime-0.13.9.tgz",
            "integrity": "sha512-p3VT+cOEgxFsRRA9X4lkI1E+k2/CtnKtU4gcxyaCUreilL/vqI6CdZ3wxVUx3UOUg+gnUOQQcRI7BmSI656MYA==",
            "peer": true
        },
        "node_modules/scheduler": {
            "version": "0.19.1",
            "resolved": "https://registry.npmjs.org/scheduler/-/scheduler-0.19.1.tgz",
            "integrity": "sha512-n/zwRWRYSUj0/3g/otKDRPMh6qv2SYMWNq85IEa8iZyAv8od9zDYpGSnpBEjNgcMNq6Scbu5KfIPxNF72R/2EA==",
            "peer": true,
            "dependencies": {
                "loose-envify": "^1.1.0",
                "object-assign": "^4.1.1"
            }
        },
        "node_modules/semantic-ui-calendar-react": {
            "version": "0.15.3",
            "resolved": "https://registry.npmjs.org/semantic-ui-calendar-react/-/semantic-ui-calendar-react-0.15.3.tgz",
            "integrity": "sha512-cXlg/dJf0z/dydnol1GCy9ssccXBAGYhmka9W2KNXqqW+B0mgPhu6ugWOjGD4i99e3dnNl1QVqYvQpQcpkcEIg==",
            "dependencies": {
                "keyboard-key": "^1.0.2",
                "lodash": "^4.17.15",
                "moment": "^2.22.2",
                "prop-types": "^15.6.2"
            },
            "peerDependencies": {
                "react": "^16.6.0",
                "react-dom": "^16.6.0",
                "semantic-ui-react": ">=0.84.0"
            }
        },
        "node_modules/semantic-ui-react": {
            "version": "2.0.4",
            "resolved": "https://registry.npmjs.org/semantic-ui-react/-/semantic-ui-react-2.0.4.tgz",
            "integrity": "sha512-nTlIN/K1iEA7ybut2ICBlPfAushs2afkyUuwQ6vMlYpvLjnnUgN+JKhhoq47MlRuQ2ekdMDZ9OgctViTbDyBaQ==",
            "peer": true,
            "dependencies": {
                "@babel/runtime": "^7.10.5",
                "@fluentui/react-component-event-listener": "~0.51.6",
                "@fluentui/react-component-ref": "~0.51.6",
                "@popperjs/core": "^2.6.0",
                "@semantic-ui-react/event-stack": "^3.1.2",
                "clsx": "^1.1.1",
                "keyboard-key": "^1.1.0",
                "lodash": "^4.17.21",
                "lodash-es": "^4.17.21",
                "prop-types": "^15.7.2",
                "react-is": "^16.8.6 || ^17.0.0",
                "react-popper": "^2.2.4",
                "shallowequal": "^1.1.0"
            },
            "peerDependencies": {
                "react": "^16.8.0 || ^17.0.0",
                "react-dom": "^16.8.0 || ^17.0.0"
            }
        },
        "node_modules/shallowequal": {
            "version": "1.1.0",
            "resolved": "https://registry.npmjs.org/shallowequal/-/shallowequal-1.1.0.tgz",
            "integrity": "sha512-y0m1JoUZSlPAjXVtPPW70aZWfIL/dSP7AFkRnniLCrK/8MDKog3TySTBmckD+RObVxH0v4Tox67+F14PdED2oQ==",
            "peer": true
        },
        "node_modules/warning": {
            "version": "4.0.3",
            "resolved": "https://registry.npmjs.org/warning/-/warning-4.0.3.tgz",
            "integrity": "sha512-rpJyN222KWIvHJ/F53XSZv0Zl/accqHR8et1kpaMTD/fLCRxtV8iX8czMzY7sVZupTI3zcUTg8eycS2kNF9l6w==",
            "peer": true,
            "dependencies": {
                "loose-envify": "^1.0.0"
            }
        }
    },
    "dependencies": {
        "@babel/runtime": {
            "version": "7.16.3",
            "resolved": "https://registry.npmjs.org/@babel/runtime/-/runtime-7.16.3.tgz",
            "integrity": "sha512-WBwekcqacdY2e9AF/Q7WLFUWmdJGJTkbjqTjoMDgXkVZ3ZRUvOPsLb5KdwISoQVsbP+DQzVZW4Zhci0DvpbNTQ==",
            "peer": true,
            "requires": {
                "regenerator-runtime": "^0.13.4"
            }
        },
        "@fluentui/react-component-event-listener": {
            "version": "0.51.7",
            "resolved": "https://registry.npmjs.org/@fluentui/react-component-event-listener/-/react-component-event-listener-0.51.7.tgz",
            "integrity": "sha512-NjVm+crN0T9A7vITL8alZeHnuV8zi2gos0nezU/2YOxaUAB9E4zKiPxt/6k5U50rJs/gj8Nu45iXxnjO41HbZg==",
            "peer": true,
            "requires": {
                "@babel/runtime": "^7.10.4"
            }
        },
        "@fluentui/react-component-ref": {
            "version": "0.51.7",
            "resolved": "https://registry.npmjs.org/@fluentui/react-component-ref/-/react-component-ref-0.51.7.tgz",
            "integrity": "sha512-CX27jVJYaFoBCWpuWAizQZ2se137ku1dmDyn8sw+ySNJa+kkQf7LnMydiPW5K7cRdUSqUJW3eS4EjKRvVAx8xA==",
            "peer": true,
            "requires": {
                "@babel/runtime": "^7.10.4",
                "react-is": "^16.6.3"
            }
        },
        "@popperjs/core": {
            "version": "2.10.2",
            "resolved": "https://registry.npmjs.org/@popperjs/core/-/core-2.10.2.tgz",
            "integrity": "sha512-IXf3XA7+XyN7CP9gGh/XB0UxVMlvARGEgGXLubFICsUMGz6Q+DU+i4gGlpOxTjKvXjkJDJC8YdqdKkDj9qZHEQ==",
            "peer": true
        },
        "@semantic-ui-react/event-stack": {
            "version": "3.1.2",
            "resolved": "https://registry.npmjs.org/@semantic-ui-react/event-stack/-/event-stack-3.1.2.tgz",
            "integrity": "sha512-Yd0Qf7lPCIjzJ9bZYfurlNu2RDXT6KKSyubHfYK3WjRauhxCsq6Fk2LMRI9DEvShoEU+AsLSv3NGkqXAcVp0zg==",
            "peer": true,
            "requires": {
                "exenv": "^1.2.2",
                "prop-types": "^15.6.2"
            }
        },
        "clsx": {
            "version": "1.1.1",
            "resolved": "https://registry.npmjs.org/clsx/-/clsx-1.1.1.tgz",
            "integrity": "sha512-6/bPho624p3S2pMyvP5kKBPXnI3ufHLObBFCfgx+LkeR5lg2XYy2hqZqUf45ypD8COn2bhgGJSUE+l5dhNBieA==",
            "peer": true
        },
        "exenv": {
            "version": "1.2.2",
            "resolved": "https://registry.npmjs.org/exenv/-/exenv-1.2.2.tgz",
            "integrity": "sha1-KueOhdmJQVhnCwPUe+wfA72Ru50=",
            "peer": true
        },
        "js-tokens": {
            "version": "4.0.0",
            "resolved": "https://registry.npmjs.org/js-tokens/-/js-tokens-4.0.0.tgz",
            "integrity": "sha512-RdJUflcE3cUzKiMqQgsCu06FPu9UdIJO0beYbPhHN4k6apgJtifcoCtT9bcxOpYBtpD2kCM6Sbzg4CausW/PKQ=="
        },
        "keyboard-key": {
            "version": "1.1.0",
            "resolved": "https://registry.npmjs.org/keyboard-key/-/keyboard-key-1.1.0.tgz",
            "integrity": "sha512-qkBzPTi3rlAKvX7k0/ub44sqOfXeLc/jcnGGmj5c7BJpU8eDrEVPyhCvNYAaoubbsLm9uGWwQJO1ytQK1a9/dQ=="
        },
        "lodash": {
            "version": "4.17.21",
            "resolved": "https://registry.npmjs.org/lodash/-/lodash-4.17.21.tgz",
            "integrity": "sha512-v2kDEe57lecTulaDIuNTPy3Ry4gLGJ6Z1O3vE1krgXZNrsQ+LFTGHVxVjcXPs17LhbZVGedAJv8XZ1tvj5FvSg=="
        },
        "lodash-es": {
            "version": "4.17.21",
            "resolved": "https://registry.npmjs.org/lodash-es/-/lodash-es-4.17.21.tgz",
            "integrity": "sha512-mKnC+QJ9pWVzv+C4/U3rRsHapFfHvQFoFB92e52xeyGMcX6/OlIl78je1u8vePzYZSkkogMPJ2yjxxsb89cxyw==",
            "peer": true
        },
        "loose-envify": {
            "version": "1.4.0",
            "resolved": "https://registry.npmjs.org/loose-envify/-/loose-envify-1.4.0.tgz",
            "integrity": "sha512-lyuxPGr/Wfhrlem2CL/UcnUc1zcqKAImBDzukY7Y5F/yQiNdko6+fRLevlw1HgMySw7f611UIY408EtxRSoK3Q==",
            "requires": {
                "js-tokens": "^3.0.0 || ^4.0.0"
            }
        },
        "moment": {
            "version": "2.29.1",
            "resolved": "https://registry.npmjs.org/moment/-/moment-2.29.1.tgz",
            "integrity": "sha512-kHmoybcPV8Sqy59DwNDY3Jefr64lK/by/da0ViFcuA4DH0vQg5Q6Ze5VimxkfQNSC+Mls/Kx53s7TjP1RhFEDQ=="
        },
        "object-assign": {
            "version": "4.1.1",
            "resolved": "https://registry.npmjs.org/object-assign/-/object-assign-4.1.1.tgz",
            "integrity": "sha1-IQmtx5ZYh8/AXLvUQsrIv7s2CGM="
        },
        "prop-types": {
            "version": "15.7.2",
            "resolved": "https://registry.npmjs.org/prop-types/-/prop-types-15.7.2.tgz",
            "integrity": "sha512-8QQikdH7//R2vurIJSutZ1smHYTcLpRWEOlHnzcWHmBYrOGUysKwSsrC89BCiFj3CbrfJ/nXFdJepOVrY1GCHQ==",
            "requires": {
                "loose-envify": "^1.4.0",
                "object-assign": "^4.1.1",
                "react-is": "^16.8.1"
            }
        },
        "react": {
            "version": "16.14.0",
            "resolved": "https://registry.npmjs.org/react/-/react-16.14.0.tgz",
            "integrity": "sha512-0X2CImDkJGApiAlcf0ODKIneSwBPhqJawOa5wCtKbu7ZECrmS26NvtSILynQ66cgkT/RJ4LidJOc3bUESwmU8g==",
            "peer": true,
            "requires": {
                "loose-envify": "^1.1.0",
                "object-assign": "^4.1.1",
                "prop-types": "^15.6.2"
            }
        },
        "react-dom": {
            "version": "16.14.0",
            "resolved": "https://registry.npmjs.org/react-dom/-/react-dom-16.14.0.tgz",
            "integrity": "sha512-1gCeQXDLoIqMgqD3IO2Ah9bnf0w9kzhwN5q4FGnHZ67hBm9yePzB5JJAIQCc8x3pFnNlwFq4RidZggNAAkzWWw==",
            "peer": true,
            "requires": {
                "loose-envify": "^1.1.0",
                "object-assign": "^4.1.1",
                "prop-types": "^15.6.2",
                "scheduler": "^0.19.1"
            }
        },
        "react-fast-compare": {
            "version": "3.2.0",
            "resolved": "https://registry.npmjs.org/react-fast-compare/-/react-fast-compare-3.2.0.tgz",
            "integrity": "sha512-rtGImPZ0YyLrscKI9xTpV8psd6I8VAtjKCzQDlzyDvqJA8XOW78TXYQwNRNd8g8JZnDu8q9Fu/1v4HPAVwVdHA==",
            "peer": true
        },
        "react-icons": {
            "version": "4.3.1",
            "resolved": "https://registry.npmjs.org/react-icons/-/react-icons-4.3.1.tgz",
            "integrity": "sha512-cB10MXLTs3gVuXimblAdI71jrJx8njrJZmNMEMC+sQu5B/BIOmlsAjskdqpn81y8UBVEGuHODd7/ci5DvoSzTQ==",
            "requires": {}
        },
        "react-is": {
            "version": "16.13.1",
            "resolved": "https://registry.npmjs.org/react-is/-/react-is-16.13.1.tgz",
            "integrity": "sha512-24e6ynE2H+OKt4kqsOvNd8kBpV65zoxbA4BVsEOB3ARVWQki/DHzaUoC5KuON/BiccDaCCTZBuOcfZs70kR8bQ=="
        },
        "react-popper": {
            "version": "2.2.5",
            "resolved": "https://registry.npmjs.org/react-popper/-/react-popper-2.2.5.tgz",
            "integrity": "sha512-kxGkS80eQGtLl18+uig1UIf9MKixFSyPxglsgLBxlYnyDf65BiY9B3nZSc6C9XUNDgStROB0fMQlTEz1KxGddw==",
            "peer": true,
            "requires": {
                "react-fast-compare": "^3.0.1",
                "warning": "^4.0.2"
            }
        },
        "regenerator-runtime": {
            "version": "0.13.9",
            "resolved": "https://registry.npmjs.org/regenerator-runtime/-/regenerator-runtime-0.13.9.tgz",
            "integrity": "sha512-p3VT+cOEgxFsRRA9X4lkI1E+k2/CtnKtU4gcxyaCUreilL/vqI6CdZ3wxVUx3UOUg+gnUOQQcRI7BmSI656MYA==",
            "peer": true
        },
        "scheduler": {
            "version": "0.19.1",
            "resolved": "https://registry.npmjs.org/scheduler/-/scheduler-0.19.1.tgz",
            "integrity": "sha512-n/zwRWRYSUj0/3g/otKDRPMh6qv2SYMWNq85IEa8iZyAv8od9zDYpGSnpBEjNgcMNq6Scbu5KfIPxNF72R/2EA==",
            "peer": true,
            "requires": {
                "loose-envify": "^1.1.0",
                "object-assign": "^4.1.1"
            }
        },
        "semantic-ui-calendar-react": {
            "version": "0.15.3",
            "resolved": "https://registry.npmjs.org/semantic-ui-calendar-react/-/semantic-ui-calendar-react-0.15.3.tgz",
            "integrity": "sha512-cXlg/dJf0z/dydnol1GCy9ssccXBAGYhmka9W2KNXqqW+B0mgPhu6ugWOjGD4i99e3dnNl1QVqYvQpQcpkcEIg==",
            "requires": {
                "keyboard-key": "^1.0.2",
                "lodash": "^4.17.15",
                "moment": "^2.22.2",
                "prop-types": "^15.6.2"
            }
        },
        "semantic-ui-react": {
            "version": "2.0.4",
            "resolved": "https://registry.npmjs.org/semantic-ui-react/-/semantic-ui-react-2.0.4.tgz",
            "integrity": "sha512-nTlIN/K1iEA7ybut2ICBlPfAushs2afkyUuwQ6vMlYpvLjnnUgN+JKhhoq47MlRuQ2ekdMDZ9OgctViTbDyBaQ==",
            "peer": true,
            "requires": {
                "@babel/runtime": "^7.10.5",
                "@fluentui/react-component-event-listener": "~0.51.6",
                "@fluentui/react-component-ref": "~0.51.6",
                "@popperjs/core": "^2.6.0",
                "@semantic-ui-react/event-stack": "^3.1.2",
                "clsx": "^1.1.1",
                "keyboard-key": "^1.1.0",
                "lodash": "^4.17.21",
                "lodash-es": "^4.17.21",
                "prop-types": "^15.7.2",
                "react-is": "^16.8.6 || ^17.0.0",
                "react-popper": "^2.2.4",
                "shallowequal": "^1.1.0"
            }
        },
        "shallowequal": {
            "version": "1.1.0",
            "resolved": "https://registry.npmjs.org/shallowequal/-/shallowequal-1.1.0.tgz",
            "integrity": "sha512-y0m1JoUZSlPAjXVtPPW70aZWfIL/dSP7AFkRnniLCrK/8MDKog3TySTBmckD+RObVxH0v4Tox67+F14PdED2oQ==",
            "peer": true
        },
        "warning": {
            "version": "4.0.3",
            "resolved": "https://registry.npmjs.org/warning/-/warning-4.0.3.tgz",
            "integrity": "sha512-rpJyN222KWIvHJ/F53XSZv0Zl/accqHR8et1kpaMTD/fLCRxtV8iX8czMzY7sVZupTI3zcUTg8eycS2kNF9l6w==",
            "peer": true,
            "requires": {
                "loose-envify": "^1.0.0"
            }
        }
    }
}
